
Microsoft Visual Studio Solution File, Format Version 12.00
# Visual Studio Version 16
VisualStudioVersion = 16.0.29418.71
MinimumVisualStudioVersion = 10.0.40219.1
Project("{8BC9CEB8-8B4A-11D0-8D11-00A0C91BC942}") = "kinect", "kinect.vcxproj", "{0C159C46-73C5-4FA0-A500-3FBCABF3956D}"
EndProject
Global
	GlobalSection(SolutionConfigurationPlatforms) = preSolution
		Debug|x64 = Debug|x64
		Debug|x86 = Debug|x86
		Release|x64 = Release|x64
		Release|x86 = Release|x86
	EndGlobalSection
	GlobalSection(ProjectConfigurationPlatforms) = postSolution
		{0C159C46-73C5-4FA0-A500-3FBCABF3956D}.Debug|x64.ActiveCfg = Debug|x64
		{0C159C46-73C5-4FA0-A500-3FBCABF3956D}.Debug|x64.Build.0 = Debug|x64
		{0C159C46-73C5-4FA0-A500-3FBCABF3956D}.Debug|x86.ActiveCfg = Debug|Win32
		{0C159C46-73C5-4FA0-A500-3FBCABF3956D}.Debug|x86.Build.0 = Debug|Win32
		{0C159C46-73C5-4FA0-A500-3FBCABF3956D}.Release|x64.ActiveCfg = Release|x64
		{0C159C46-73C5-4FA0-A500-3FBCABF3956D}.Release|x64.Build.0 = Release|x64
		{0C159C46-73C5-4FA0-A500-3FBCABF3956D}.Release|x86.ActiveCfg = Release|Win32
		{0C159C46-73C5-4FA0-A500-3FBCABF3956D}.Release|x86.Build.0 = Release|Win32
	EndGlobalSection
	GlobalSection(SolutionProperties) = preSolution
		HideSolutionNode = FALSE
	EndGlobalSection
	GlobalSection(ExtensibilityGlobals) = postSolution
		SolutionGuid = {A3C07D0B-C8AC-462C-A3D9-09F139A78997}
	EndGlobalSection
EndGlobal
